
Microsoft Visual Studio Solution File, Format Version 10.00
# Visual Studio 2008
Project("{FAE04EC0-301F-11D3-BF4B-00C04F79EFBC}") = "SmartDeviceProject1", "SmartDeviceProject1\SmartDeviceProject1.csproj", "{FD5DE1CA-DD2F-4375-B789-8E46C954ABD6}"
EndProject
Global
	GlobalSection(SolutionConfigurationPlatforms) = preSolution
		Debug|Any CPU = Debug|Any CPU
		Release|Any CPU = Release|Any CPU
	EndGlobalSection
	GlobalSection(ProjectConfigurationPlatforms) = postSolution
		{FD5DE1CA-DD2F-4375-B789-8E46C954ABD6}.Debug|Any CPU.ActiveCfg = Debug|Any CPU
		{FD5DE1CA-DD2F-4375-B789-8E46C954ABD6}.Debug|Any CPU.Build.0 = Debug|Any CPU
		{FD5DE1CA-DD2F-4375-B789-8E46C954ABD6}.Debug|Any CPU.Deploy.0 = Debug|Any CPU
		{FD5DE1CA-DD2F-4375-B789-8E46C954ABD6}.Release|Any CPU.ActiveCfg = Release|Any CPU
		{FD5DE1CA-DD2F-4375-B789-8E46C954ABD6}.Release|Any CPU.Build.0 = Release|Any CPU
		{FD5DE1CA-DD2F-4375-B789-8E46C954ABD6}.Release|Any CPU.Deploy.0 = Release|Any CPU
	EndGlobalSection
	GlobalSection(SolutionProperties) = preSolution
		HideSolutionNode = FALSE
	EndGlobalSection
EndGlobal
